
Microsoft Visual Studio Solution File, Format Version 12.00
# Visual Studio 15
VisualStudioVersion = 15.0.27130.2027
MinimumVisualStudioVersion = 10.0.40219.1
Project("{FAE04EC0-301F-11D3-BF4B-00C04F79EFBC}") = "AspNetCoreMvcTodoApp", "AspNetCoreMvcTodoApp\AspNetCoreMvcTodoApp.csproj", "{1C7F82F6-7DA8-498E-A6BD-5034DD2D1983}"
EndProject
Global
	GlobalSection(SolutionConfigurationPlatforms) = preSolution
		Debug|Any CPU = Debug|Any CPU
		Release|Any CPU = Release|Any CPU
	EndGlobalSection
	GlobalSection(ProjectConfigurationPlatforms) = postSolution
		{1C7F82F6-7DA8-498E-A6BD-5034DD2D1983}.Debug|Any CPU.ActiveCfg = Debug|Any CPU
		{1C7F82F6-7DA8-498E-A6BD-5034DD2D1983}.Debug|Any CPU.Build.0 = Debug|Any CPU
		{1C7F82F6-7DA8-498E-A6BD-5034DD2D1983}.Release|Any CPU.ActiveCfg = Release|Any CPU
		{1C7F82F6-7DA8-498E-A6BD-5034DD2D1983}.Release|Any CPU.Build.0 = Release|Any CPU
	EndGlobalSection
	GlobalSection(SolutionProperties) = preSolution
		HideSolutionNode = FALSE
	EndGlobalSection
	GlobalSection(ExtensibilityGlobals) = postSolution
		SolutionGuid = {13FD7A9E-C4A9-4710-9E48-26811C0EB118}
	EndGlobalSection
EndGlobal
